
Microsoft Visual Studio Solution File, Format Version 12.00
# Visual Studio Version 17
VisualStudioVersion = 17.7.34009.444
MinimumVisualStudioVersion = 10.0.40219.1
Project("{FAE04EC0-301F-11D3-BF4B-00C04F79EFBC}") = "ToString", "ToString\ToString.csproj", "{A8801C4A-A476-40F0-8A0A-1C5FC5CBE991}"
EndProject
Project("{FAE04EC0-301F-11D3-BF4B-00C04F79EFBC}") = "SistemaLogin", "SistemaLogin\SistemaLogin.csproj", "{4C62711E-2D81-47A9-B37B-117DEE0BFE2B}"
EndProject
Global
	GlobalSection(SolutionConfigurationPlatforms) = preSolution
		Debug|Any CPU = Debug|Any CPU
		Release|Any CPU = Release|Any CPU
	EndGlobalSection
	GlobalSection(ProjectConfigurationPlatforms) = postSolution
		{A8801C4A-A476-40F0-8A0A-1C5FC5CBE991}.Debug|Any CPU.ActiveCfg = Debug|Any CPU
		{A8801C4A-A476-40F0-8A0A-1C5FC5CBE991}.Debug|Any CPU.Build.0 = Debug|Any CPU
		{A8801C4A-A476-40F0-8A0A-1C5FC5CBE991}.Release|Any CPU.ActiveCfg = Release|Any CPU
		{A8801C4A-A476-40F0-8A0A-1C5FC5CBE991}.Release|Any CPU.Build.0 = Release|Any CPU
		{4C62711E-2D81-47A9-B37B-117DEE0BFE2B}.Debug|Any CPU.ActiveCfg = Debug|Any CPU
		{4C62711E-2D81-47A9-B37B-117DEE0BFE2B}.Debug|Any CPU.Build.0 = Debug|Any CPU
		{4C62711E-2D81-47A9-B37B-117DEE0BFE2B}.Release|Any CPU.ActiveCfg = Release|Any CPU
		{4C62711E-2D81-47A9-B37B-117DEE0BFE2B}.Release|Any CPU.Build.0 = Release|Any CPU
	EndGlobalSection
	GlobalSection(SolutionProperties) = preSolution
		HideSolutionNode = FALSE
	EndGlobalSection
	GlobalSection(ExtensibilityGlobals) = postSolution
		SolutionGuid = {75F25158-7C81-4D0F-A1E4-83693AD4F026}
	EndGlobalSection
EndGlobal
