
Microsoft Visual Studio Solution File, Format Version 12.00
# Visual Studio Version 17
VisualStudioVersion = 17.7.34009.444
MinimumVisualStudioVersion = 10.0.40219.1
Project("{9A19103F-16F7-4668-BE54-9A1E7A4F7556}") = "ola-mundo", "ola-mundo\ola-mundo.csproj", "{16C2D3FF-C1DA-4487-81CE-CEFC9B6C4D13}"
EndProject
Project("{FAE04EC0-301F-11D3-BF4B-00C04F79EFBC}") = "WindowsFormsAppFramework", "WindowsFormsAppFramework\WindowsFormsAppFramework.csproj", "{F1532082-ACE8-4825-B1D4-EC7CE1D7E91F}"
EndProject
Project("{FAE04EC0-301F-11D3-BF4B-00C04F79EFBC}") = "ConsoleApp.NET", "ConsoleApp.NET\ConsoleApp.NET.csproj", "{E802CFA1-154B-4862-81FA-30C905660D79}"
EndProject
Project("{FAE04EC0-301F-11D3-BF4B-00C04F79EFBC}") = "ConsoleAppFramework", "ConsoleAppFramework\ConsoleAppFramework.csproj", "{4E713CBC-F71C-4643-8267-77126511D1DB}"
EndProject
Project("{FAE04EC0-301F-11D3-BF4B-00C04F79EFBC}") = "ConsoleAppNetNvlSuperior", "ConsoleAppNetNvlSuperior\ConsoleAppNetNvlSuperior.csproj", "{2A3397EF-92E7-4080-AEC4-0002B911D603}"
EndProject
Global
	GlobalSection(SolutionConfigurationPlatforms) = preSolution
		Debug|Any CPU = Debug|Any CPU
		Release|Any CPU = Release|Any CPU
	EndGlobalSection
	GlobalSection(ProjectConfigurationPlatforms) = postSolution
		{16C2D3FF-C1DA-4487-81CE-CEFC9B6C4D13}.Debug|Any CPU.ActiveCfg = Debug|Any CPU
		{16C2D3FF-C1DA-4487-81CE-CEFC9B6C4D13}.Debug|Any CPU.Build.0 = Debug|Any CPU
		{16C2D3FF-C1DA-4487-81CE-CEFC9B6C4D13}.Release|Any CPU.ActiveCfg = Release|Any CPU
		{16C2D3FF-C1DA-4487-81CE-CEFC9B6C4D13}.Release|Any CPU.Build.0 = Release|Any CPU
		{F1532082-ACE8-4825-B1D4-EC7CE1D7E91F}.Debug|Any CPU.ActiveCfg = Debug|Any CPU
		{F1532082-ACE8-4825-B1D4-EC7CE1D7E91F}.Debug|Any CPU.Build.0 = Debug|Any CPU
		{F1532082-ACE8-4825-B1D4-EC7CE1D7E91F}.Release|Any CPU.ActiveCfg = Release|Any CPU
		{F1532082-ACE8-4825-B1D4-EC7CE1D7E91F}.Release|Any CPU.Build.0 = Release|Any CPU
		{E802CFA1-154B-4862-81FA-30C905660D79}.Debug|Any CPU.ActiveCfg = Debug|Any CPU
		{E802CFA1-154B-4862-81FA-30C905660D79}.Debug|Any CPU.Build.0 = Debug|Any CPU
		{E802CFA1-154B-4862-81FA-30C905660D79}.Release|Any CPU.ActiveCfg = Release|Any CPU
		{E802CFA1-154B-4862-81FA-30C905660D79}.Release|Any CPU.Build.0 = Release|Any CPU
		{4E713CBC-F71C-4643-8267-77126511D1DB}.Debug|Any CPU.ActiveCfg = Debug|Any CPU
		{4E713CBC-F71C-4643-8267-77126511D1DB}.Debug|Any CPU.Build.0 = Debug|Any CPU
		{4E713CBC-F71C-4643-8267-77126511D1DB}.Release|Any CPU.ActiveCfg = Release|Any CPU
		{4E713CBC-F71C-4643-8267-77126511D1DB}.Release|Any CPU.Build.0 = Release|Any CPU
		{2A3397EF-92E7-4080-AEC4-0002B911D603}.Debug|Any CPU.ActiveCfg = Debug|Any CPU
		{2A3397EF-92E7-4080-AEC4-0002B911D603}.Debug|Any CPU.Build.0 = Debug|Any CPU
		{2A3397EF-92E7-4080-AEC4-0002B911D603}.Release|Any CPU.ActiveCfg = Release|Any CPU
		{2A3397EF-92E7-4080-AEC4-0002B911D603}.Release|Any CPU.Build.0 = Release|Any CPU
	EndGlobalSection
	GlobalSection(SolutionProperties) = preSolution
		HideSolutionNode = FALSE
	EndGlobalSection
	GlobalSection(ExtensibilityGlobals) = postSolution
		SolutionGuid = {947E4F2F-460B-44D1-A17C-8027C62363C9}
	EndGlobalSection
EndGlobal
