
Microsoft Visual Studio Solution File, Format Version 12.00
# Visual Studio Version 17
VisualStudioVersion = 17.7.34009.444
MinimumVisualStudioVersion = 10.0.40219.1
Project("{FAE04EC0-301F-11D3-BF4B-00C04F79EFBC}") = "ClasseObjetos", "ClasseObjetos\ClasseObjetos.csproj", "{96FC0F3A-E41B-4F4A-84DE-64227A85EA80}"
EndProject
Project("{FAE04EC0-301F-11D3-BF4B-00C04F79EFBC}") = "MetodosDasClasses", "Med\MetodosDasClasses.csproj", "{4855FA56-059B-4FC7-8C14-2FFD6FFCBA76}"
EndProject
Project("{FAE04EC0-301F-11D3-BF4B-00C04F79EFBC}") = "TermoThis", "TermoThis\TermoThis.csproj", "{1F43C616-72BD-4B5D-91D3-32D57EB4373C}"
EndProject
Project("{FAE04EC0-301F-11D3-BF4B-00C04F79EFBC}") = "TipoDelegate", "TipoDelegate\TipoDelegate.csproj", "{C3D7206F-0CFB-4659-A974-C13AF626CA62}"
EndProject
Project("{FAE04EC0-301F-11D3-BF4B-00C04F79EFBC}") = "MetodoConstrutor", "MetodoConstrutor\MetodoConstrutor.csproj", "{6931E956-D515-417B-AF5C-A97CFB3C56EA}"
EndProject
Project("{FAE04EC0-301F-11D3-BF4B-00C04F79EFBC}") = "ClasseEstatica", "ClasseEstatica\ClasseEstatica.csproj", "{60F1BB3B-1163-4EEA-8625-C3C0F486B43A}"
EndProject
Project("{FAE04EC0-301F-11D3-BF4B-00C04F79EFBC}") = "Propriedades", "Propriedades\Propriedades.csproj", "{49BDBD92-B957-47B3-B1B2-35CFC8D336DD}"
EndProject
Project("{FAE04EC0-301F-11D3-BF4B-00C04F79EFBC}") = "Encapsular", "Encapsular\Encapsular.csproj", "{0DF6C465-4499-41B2-A35D-AFB0FD60E2C2}"
EndProject
Project("{FAE04EC0-301F-11D3-BF4B-00C04F79EFBC}") = "Heranca", "Heranca\Heranca.csproj", "{0706AE6E-474E-4BB9-9D67-4212ABF3D2E0}"
EndProject
Project("{FAE04EC0-301F-11D3-BF4B-00C04F79EFBC}") = "Modificadores", "Modificadores\Modificadores.csproj", "{DFB88D80-774B-406B-AAF6-3BE07D3967F1}"
EndProject
Project("{FAE04EC0-301F-11D3-BF4B-00C04F79EFBC}") = "Polimorfismo", "Polimorfismo\Polimorfismo.csproj", "{9C289625-F41F-4ECB-97FE-7A0787220F9F}"
EndProject
Project("{FAE04EC0-301F-11D3-BF4B-00C04F79EFBC}") = "01MediaGeral", "01MediaGeral\01MediaGeral.csproj", "{934DE5E7-D81D-4E9A-92DB-9A6D13DF7C32}"
EndProject
Global
	GlobalSection(SolutionConfigurationPlatforms) = preSolution
		Debug|Any CPU = Debug|Any CPU
		Release|Any CPU = Release|Any CPU
	EndGlobalSection
	GlobalSection(ProjectConfigurationPlatforms) = postSolution
		{96FC0F3A-E41B-4F4A-84DE-64227A85EA80}.Debug|Any CPU.ActiveCfg = Debug|Any CPU
		{96FC0F3A-E41B-4F4A-84DE-64227A85EA80}.Debug|Any CPU.Build.0 = Debug|Any CPU
		{96FC0F3A-E41B-4F4A-84DE-64227A85EA80}.Release|Any CPU.ActiveCfg = Release|Any CPU
		{96FC0F3A-E41B-4F4A-84DE-64227A85EA80}.Release|Any CPU.Build.0 = Release|Any CPU
		{4855FA56-059B-4FC7-8C14-2FFD6FFCBA76}.Debug|Any CPU.ActiveCfg = Debug|Any CPU
		{4855FA56-059B-4FC7-8C14-2FFD6FFCBA76}.Debug|Any CPU.Build.0 = Debug|Any CPU
		{4855FA56-059B-4FC7-8C14-2FFD6FFCBA76}.Release|Any CPU.ActiveCfg = Release|Any CPU
		{4855FA56-059B-4FC7-8C14-2FFD6FFCBA76}.Release|Any CPU.Build.0 = Release|Any CPU
		{1F43C616-72BD-4B5D-91D3-32D57EB4373C}.Debug|Any CPU.ActiveCfg = Debug|Any CPU
		{1F43C616-72BD-4B5D-91D3-32D57EB4373C}.Debug|Any CPU.Build.0 = Debug|Any CPU
		{1F43C616-72BD-4B5D-91D3-32D57EB4373C}.Release|Any CPU.ActiveCfg = Release|Any CPU
		{1F43C616-72BD-4B5D-91D3-32D57EB4373C}.Release|Any CPU.Build.0 = Release|Any CPU
		{C3D7206F-0CFB-4659-A974-C13AF626CA62}.Debug|Any CPU.ActiveCfg = Debug|Any CPU
		{C3D7206F-0CFB-4659-A974-C13AF626CA62}.Debug|Any CPU.Build.0 = Debug|Any CPU
		{C3D7206F-0CFB-4659-A974-C13AF626CA62}.Release|Any CPU.ActiveCfg = Release|Any CPU
		{C3D7206F-0CFB-4659-A974-C13AF626CA62}.Release|Any CPU.Build.0 = Release|Any CPU
		{6931E956-D515-417B-AF5C-A97CFB3C56EA}.Debug|Any CPU.ActiveCfg = Debug|Any CPU
		{6931E956-D515-417B-AF5C-A97CFB3C56EA}.Debug|Any CPU.Build.0 = Debug|Any CPU
		{6931E956-D515-417B-AF5C-A97CFB3C56EA}.Release|Any CPU.ActiveCfg = Release|Any CPU
		{6931E956-D515-417B-AF5C-A97CFB3C56EA}.Release|Any CPU.Build.0 = Release|Any CPU
		{60F1BB3B-1163-4EEA-8625-C3C0F486B43A}.Debug|Any CPU.ActiveCfg = Debug|Any CPU
		{60F1BB3B-1163-4EEA-8625-C3C0F486B43A}.Debug|Any CPU.Build.0 = Debug|Any CPU
		{60F1BB3B-1163-4EEA-8625-C3C0F486B43A}.Release|Any CPU.ActiveCfg = Release|Any CPU
		{60F1BB3B-1163-4EEA-8625-C3C0F486B43A}.Release|Any CPU.Build.0 = Release|Any CPU
		{49BDBD92-B957-47B3-B1B2-35CFC8D336DD}.Debug|Any CPU.ActiveCfg = Debug|Any CPU
		{49BDBD92-B957-47B3-B1B2-35CFC8D336DD}.Debug|Any CPU.Build.0 = Debug|Any CPU
		{49BDBD92-B957-47B3-B1B2-35CFC8D336DD}.Release|Any CPU.ActiveCfg = Release|Any CPU
		{49BDBD92-B957-47B3-B1B2-35CFC8D336DD}.Release|Any CPU.Build.0 = Release|Any CPU
		{0DF6C465-4499-41B2-A35D-AFB0FD60E2C2}.Debug|Any CPU.ActiveCfg = Debug|Any CPU
		{0DF6C465-4499-41B2-A35D-AFB0FD60E2C2}.Debug|Any CPU.Build.0 = Debug|Any CPU
		{0DF6C465-4499-41B2-A35D-AFB0FD60E2C2}.Release|Any CPU.ActiveCfg = Release|Any CPU
		{0DF6C465-4499-41B2-A35D-AFB0FD60E2C2}.Release|Any CPU.Build.0 = Release|Any CPU
		{0706AE6E-474E-4BB9-9D67-4212ABF3D2E0}.Debug|Any CPU.ActiveCfg = Debug|Any CPU
		{0706AE6E-474E-4BB9-9D67-4212ABF3D2E0}.Debug|Any CPU.Build.0 = Debug|Any CPU
		{0706AE6E-474E-4BB9-9D67-4212ABF3D2E0}.Release|Any CPU.ActiveCfg = Release|Any CPU
		{0706AE6E-474E-4BB9-9D67-4212ABF3D2E0}.Release|Any CPU.Build.0 = Release|Any CPU
		{DFB88D80-774B-406B-AAF6-3BE07D3967F1}.Debug|Any CPU.ActiveCfg = Debug|Any CPU
		{DFB88D80-774B-406B-AAF6-3BE07D3967F1}.Debug|Any CPU.Build.0 = Debug|Any CPU
		{DFB88D80-774B-406B-AAF6-3BE07D3967F1}.Release|Any CPU.ActiveCfg = Release|Any CPU
		{DFB88D80-774B-406B-AAF6-3BE07D3967F1}.Release|Any CPU.Build.0 = Release|Any CPU
		{9C289625-F41F-4ECB-97FE-7A0787220F9F}.Debug|Any CPU.ActiveCfg = Debug|Any CPU
		{9C289625-F41F-4ECB-97FE-7A0787220F9F}.Debug|Any CPU.Build.0 = Debug|Any CPU
		{9C289625-F41F-4ECB-97FE-7A0787220F9F}.Release|Any CPU.ActiveCfg = Release|Any CPU
		{9C289625-F41F-4ECB-97FE-7A0787220F9F}.Release|Any CPU.Build.0 = Release|Any CPU
		{934DE5E7-D81D-4E9A-92DB-9A6D13DF7C32}.Debug|Any CPU.ActiveCfg = Debug|Any CPU
		{934DE5E7-D81D-4E9A-92DB-9A6D13DF7C32}.Debug|Any CPU.Build.0 = Debug|Any CPU
		{934DE5E7-D81D-4E9A-92DB-9A6D13DF7C32}.Release|Any CPU.ActiveCfg = Release|Any CPU
		{934DE5E7-D81D-4E9A-92DB-9A6D13DF7C32}.Release|Any CPU.Build.0 = Release|Any CPU
	EndGlobalSection
	GlobalSection(SolutionProperties) = preSolution
		HideSolutionNode = FALSE
	EndGlobalSection
	GlobalSection(ExtensibilityGlobals) = postSolution
		SolutionGuid = {B3331B63-836C-4102-B906-7433FB5722C8}
	EndGlobalSection
EndGlobal
