
Microsoft Visual Studio Solution File, Format Version 12.00
# Visual Studio Version 17
VisualStudioVersion = 17.7.34009.444
MinimumVisualStudioVersion = 10.0.40219.1
Project("{FAE04EC0-301F-11D3-BF4B-00C04F79EFBC}") = "Condicao", "Condicao\Condicao.csproj", "{58B48960-2F46-45E6-B866-B174822FECFE}"
EndProject
Global
	GlobalSection(SolutionConfigurationPlatforms) = preSolution
		Debug|Any CPU = Debug|Any CPU
		Release|Any CPU = Release|Any CPU
	EndGlobalSection
	GlobalSection(ProjectConfigurationPlatforms) = postSolution
		{58B48960-2F46-45E6-B866-B174822FECFE}.Debug|Any CPU.ActiveCfg = Debug|Any CPU
		{58B48960-2F46-45E6-B866-B174822FECFE}.Debug|Any CPU.Build.0 = Debug|Any CPU
		{58B48960-2F46-45E6-B866-B174822FECFE}.Release|Any CPU.ActiveCfg = Release|Any CPU
		{58B48960-2F46-45E6-B866-B174822FECFE}.Release|Any CPU.Build.0 = Release|Any CPU
	EndGlobalSection
	GlobalSection(SolutionProperties) = preSolution
		HideSolutionNode = FALSE
	EndGlobalSection
	GlobalSection(ExtensibilityGlobals) = postSolution
		SolutionGuid = {05DB61BD-B9D2-4882-9A73-1FC37342DE90}
	EndGlobalSection
EndGlobal
