
Microsoft Visual Studio Solution File, Format Version 12.00
# Visual Studio Version 17
VisualStudioVersion = 17.7.34009.444
MinimumVisualStudioVersion = 10.0.40219.1
Project("{FAE04EC0-301F-11D3-BF4B-00C04F79EFBC}") = "Controle", "Controle\Controle.csproj", "{E6DD68CB-5A04-4143-ABE7-E79375139F3B}"
EndProject
Global
	GlobalSection(SolutionConfigurationPlatforms) = preSolution
		Debug|Any CPU = Debug|Any CPU
		Release|Any CPU = Release|Any CPU
	EndGlobalSection
	GlobalSection(ProjectConfigurationPlatforms) = postSolution
		{E6DD68CB-5A04-4143-ABE7-E79375139F3B}.Debug|Any CPU.ActiveCfg = Debug|Any CPU
		{E6DD68CB-5A04-4143-ABE7-E79375139F3B}.Debug|Any CPU.Build.0 = Debug|Any CPU
		{E6DD68CB-5A04-4143-ABE7-E79375139F3B}.Release|Any CPU.ActiveCfg = Release|Any CPU
		{E6DD68CB-5A04-4143-ABE7-E79375139F3B}.Release|Any CPU.Build.0 = Release|Any CPU
	EndGlobalSection
	GlobalSection(SolutionProperties) = preSolution
		HideSolutionNode = FALSE
	EndGlobalSection
	GlobalSection(ExtensibilityGlobals) = postSolution
		SolutionGuid = {F3BAC21C-DBC0-43C2-AADE-31694D3F1929}
	EndGlobalSection
EndGlobal
